www# This file is automatically @generated by Poetry 1.5.4 and should not be changed by hand.

[[package]]
name = "snake"
version = "0.2"
description = "Snake is yet another Make-like tool inspired by Rake."
optional = false
python-versions = "*"
files = [
    {file = "Snake-0.2.tar.gz", hash = "sha256:d922823ec140557e5b87dd0912cfddd65681df2753988caa3f224ebf4ebbeeac"},
]

[metadata]
lock-version = "2.0"
python-versions = ">=3.10.0,<3.11"
content-hash = "549683066f50544804b1cdabc37d1b5ac52e1c60bed88b357db2ea7749e0839a"
